{
  "name": "github_spider",
  "version": "1.0.0",
  "lockfileVersion": 1,
  "requires": true,
  "dependencies": {
    "rxjs": {
      "version": "6.5.4",
      "resolved": "https://registry.npm.taobao.org/rxjs/download/rxjs-6.5.4.tgz",
      "integrity": "sha1-4Hd/4NGEzseHLfFH8wNXLUFOIRw=",
      "requires": {
        "tslib": "^1.9.0"
      }
    },
    "rxjs-compat": {
      "version": "6.5.4",
      "resolved": "https://registry.npm.taobao.org/rxjs-compat/download/rxjs-compat-6.5.4.tgz",
      "integrity": "sha1-A4JWkq8/42PgTEP0H/QRPXa70wU="
    },
    "tslib": {
      "version": "1.11.1",
      "resolved": "https://registry.npm.taobao.org/tslib/download/tslib-1.11.1.tgz",
      "integrity": "sha1-6xXRKIJ/vuKEFUnhcfRe0zisfjU="
    }
  }
}
